
Microsoft Visual Studio Solution File, Format Version 12.00
# Visual Studio Version 17
VisualStudioVersion = 17.14.36327.8 d17.14
MinimumVisualStudioVersion = 10.0.40219.1
Project("{FAE04EC0-301F-11D3-BF4B-00C04F79EFBC}") = "manager_password", "manager_password\manager_password.csproj", "{2F4FF177-7FD4-4619-9080-2675B5310A75}"
EndProject
Global
	GlobalSection(SolutionConfigurationPlatforms) = preSolution
		Debug|Any CPU = Debug|Any CPU
		Release|Any CPU = Release|Any CPU
	EndGlobalSection
	GlobalSection(ProjectConfigurationPlatforms) = postSolution
		{2F4FF177-7FD4-4619-9080-2675B5310A75}.Debug|Any CPU.ActiveCfg = Debug|Any CPU
		{2F4FF177-7FD4-4619-9080-2675B5310A75}.Debug|Any CPU.Build.0 = Debug|Any CPU
		{2F4FF177-7FD4-4619-9080-2675B5310A75}.Release|Any CPU.ActiveCfg = Release|Any CPU
		{2F4FF177-7FD4-4619-9080-2675B5310A75}.Release|Any CPU.Build.0 = Release|Any CPU
	EndGlobalSection
	GlobalSection(SolutionProperties) = preSolution
		HideSolutionNode = FALSE
	EndGlobalSection
	GlobalSection(ExtensibilityGlobals) = postSolution
		SolutionGuid = {9379A510-D823-498C-AA5A-EA36678995F1}
	EndGlobalSection
EndGlobal
